
Microsoft Visual Studio Solution File, Format Version 12.00
# Visual Studio 15
VisualStudioVersion = 15.0.28010.2003
MinimumVisualStudioVersion = 10.0.40219.1
Project("{8BC9CEB8-8B4A-11D0-8D11-00A0C91BC942}") = "fillhole", "fillhole\fillhole.vcxproj", "{D0DDA42C-75BC-48F2-BEDC-C3F088C8BD3A}"
EndProject
Global
	GlobalSection(SolutionConfigurationPlatforms) = preSolution
		Debug|x64 = Debug|x64
		Debug|x86 = Debug|x86
		Release|x64 = Release|x64
		Release|x86 = Release|x86
	EndGlobalSection
	GlobalSection(ProjectConfigurationPlatforms) = postSolution
		{D0DDA42C-75BC-48F2-BEDC-C3F088C8BD3A}.Debug|x64.ActiveCfg = Debug|x64
		{D0DDA42C-75BC-48F2-BEDC-C3F088C8BD3A}.Debug|x64.Build.0 = Debug|x64
		{D0DDA42C-75BC-48F2-BEDC-C3F088C8BD3A}.Debug|x86.ActiveCfg = Debug|Win32
		{D0DDA42C-75BC-48F2-BEDC-C3F088C8BD3A}.Debug|x86.Build.0 = Debug|Win32
		{D0DDA42C-75BC-48F2-BEDC-C3F088C8BD3A}.Release|x64.ActiveCfg = Release|x64
		{D0DDA42C-75BC-48F2-BEDC-C3F088C8BD3A}.Release|x64.Build.0 = Release|x64
		{D0DDA42C-75BC-48F2-BEDC-C3F088C8BD3A}.Release|x86.ActiveCfg = Release|Win32
		{D0DDA42C-75BC-48F2-BEDC-C3F088C8BD3A}.Release|x86.Build.0 = Release|Win32
	EndGlobalSection
	GlobalSection(SolutionProperties) = preSolution
		HideSolutionNode = FALSE
	EndGlobalSection
	GlobalSection(ExtensibilityGlobals) = postSolution
		SolutionGuid = {D8A85AAD-3B4A-417F-BD91-3785B9B671EC}
	EndGlobalSection
EndGlobal
